
Microsoft Visual Studio Solution File, Format Version 12.00
# Visual Studio Version 16
VisualStudioVersion = 16.0.30709.64
MinimumVisualStudioVersion = 10.0.40219.1
Project("{9A19103F-16F7-4668-BE54-9A1E7A4F7556}") = "OpenTelemetryApp", "src\OpenTelemetryApp\OpenTelemetryApp.csproj", "{2C0D539C-6CAC-4A6A-B7B8-D629BC9818A0}"
EndProject
Project("{9A19103F-16F7-4668-BE54-9A1E7A4F7556}") = "workerapp", "src\workerapp\workerapp.csproj", "{E9429F39-D321-4DB1-B9D6-D35CC099C469}"
EndProject
Project("{9A19103F-16F7-4668-BE54-9A1E7A4F7556}") = "SharedLibrary", "src\SharedLibrary\SharedLibrary.csproj", "{A2555760-AFE0-4DD1-B927-83038D8F39BD}"
EndProject
Project("{9A19103F-16F7-4668-BE54-9A1E7A4F7556}") = "webapi", "src\webapi\webapi.csproj", "{0DCDC2BA-D902-4B53-91F5-1B35905D52E6}"
EndProject
Project("{FAE04EC0-301F-11D3-BF4B-00C04F79EFBC}") = "testapp", "src\testapp\testapp.csproj", "{24A9509F-8052-404F-839E-3D22133EC037}"
EndProject
Global
	GlobalSection(SolutionConfigurationPlatforms) = preSolution
		Debug|Any CPU = Debug|Any CPU
		Release|Any CPU = Release|Any CPU
	EndGlobalSection
	GlobalSection(ProjectConfigurationPlatforms) = postSolution
		{2C0D539C-6CAC-4A6A-B7B8-D629BC9818A0}.Debug|Any CPU.ActiveCfg = Debug|Any CPU
		{2C0D539C-6CAC-4A6A-B7B8-D629BC9818A0}.Debug|Any CPU.Build.0 = Debug|Any CPU
		{2C0D539C-6CAC-4A6A-B7B8-D629BC9818A0}.Release|Any CPU.ActiveCfg = Release|Any CPU
		{2C0D539C-6CAC-4A6A-B7B8-D629BC9818A0}.Release|Any CPU.Build.0 = Release|Any CPU
		{E9429F39-D321-4DB1-B9D6-D35CC099C469}.Debug|Any CPU.ActiveCfg = Debug|Any CPU
		{E9429F39-D321-4DB1-B9D6-D35CC099C469}.Debug|Any CPU.Build.0 = Debug|Any CPU
		{E9429F39-D321-4DB1-B9D6-D35CC099C469}.Release|Any CPU.ActiveCfg = Release|Any CPU
		{E9429F39-D321-4DB1-B9D6-D35CC099C469}.Release|Any CPU.Build.0 = Release|Any CPU
		{A2555760-AFE0-4DD1-B927-83038D8F39BD}.Debug|Any CPU.ActiveCfg = Debug|Any CPU
		{A2555760-AFE0-4DD1-B927-83038D8F39BD}.Debug|Any CPU.Build.0 = Debug|Any CPU
		{A2555760-AFE0-4DD1-B927-83038D8F39BD}.Release|Any CPU.ActiveCfg = Release|Any CPU
		{A2555760-AFE0-4DD1-B927-83038D8F39BD}.Release|Any CPU.Build.0 = Release|Any CPU
		{0DCDC2BA-D902-4B53-91F5-1B35905D52E6}.Debug|Any CPU.ActiveCfg = Debug|Any CPU
		{0DCDC2BA-D902-4B53-91F5-1B35905D52E6}.Debug|Any CPU.Build.0 = Debug|Any CPU
		{0DCDC2BA-D902-4B53-91F5-1B35905D52E6}.Release|Any CPU.ActiveCfg = Release|Any CPU
		{0DCDC2BA-D902-4B53-91F5-1B35905D52E6}.Release|Any CPU.Build.0 = Release|Any CPU
		{24A9509F-8052-404F-839E-3D22133EC037}.Debug|Any CPU.ActiveCfg = Debug|Any CPU
		{24A9509F-8052-404F-839E-3D22133EC037}.Debug|Any CPU.Build.0 = Debug|Any CPU
		{24A9509F-8052-404F-839E-3D22133EC037}.Release|Any CPU.ActiveCfg = Release|Any CPU
		{24A9509F-8052-404F-839E-3D22133EC037}.Release|Any CPU.Build.0 = Release|Any CPU
	EndGlobalSection
	GlobalSection(SolutionProperties) = preSolution
		HideSolutionNode = FALSE
	EndGlobalSection
	GlobalSection(ExtensibilityGlobals) = postSolution
		SolutionGuid = {49EB5507-D3B6-4150-B975-5248BF2B5FBB}
	EndGlobalSection
EndGlobal
