
Microsoft Visual Studio Solution File, Format Version 12.00
# Visual Studio Version 16
VisualStudioVersion = 16.0.30709.64
MinimumVisualStudioVersion = 10.0.40219.1
Project("{9A19103F-16F7-4668-BE54-9A1E7A4F7556}") = "OpenTelemetryApp", "src\OpenTelemetryApp\OpenTelemetryApp.csproj", "{2C0D539C-6CAC-4A6A-B7B8-D629BC9818A0}"
EndProject
Project("{9A19103F-16F7-4668-BE54-9A1E7A4F7556}") = "workapp", "src\workapp\workapp.csproj", "{C64E3139-A179-4455-B334-9F0FC37EEC5A}"
EndProject
Project("{FAE04EC0-301F-11D3-BF4B-00C04F79EFBC}") = "SharedLibrary", "src\SharedLibrary\SharedLibrary.csproj", "{9B171C2B-EF35-4B46-ABDD-22293B93138E}"
EndProject
Global
	GlobalSection(SolutionConfigurationPlatforms) = preSolution
		Debug|Any CPU = Debug|Any CPU
		Release|Any CPU = Release|Any CPU
	EndGlobalSection
	GlobalSection(ProjectConfigurationPlatforms) = postSolution
		{2C0D539C-6CAC-4A6A-B7B8-D629BC9818A0}.Debug|Any CPU.ActiveCfg = Debug|Any CPU
		{2C0D539C-6CAC-4A6A-B7B8-D629BC9818A0}.Debug|Any CPU.Build.0 = Debug|Any CPU
		{2C0D539C-6CAC-4A6A-B7B8-D629BC9818A0}.Release|Any CPU.ActiveCfg = Release|Any CPU
		{2C0D539C-6CAC-4A6A-B7B8-D629BC9818A0}.Release|Any CPU.Build.0 = Release|Any CPU
		{C64E3139-A179-4455-B334-9F0FC37EEC5A}.Debug|Any CPU.ActiveCfg = Debug|Any CPU
		{C64E3139-A179-4455-B334-9F0FC37EEC5A}.Debug|Any CPU.Build.0 = Debug|Any CPU
		{C64E3139-A179-4455-B334-9F0FC37EEC5A}.Release|Any CPU.ActiveCfg = Release|Any CPU
		{C64E3139-A179-4455-B334-9F0FC37EEC5A}.Release|Any CPU.Build.0 = Release|Any CPU
		{9B171C2B-EF35-4B46-ABDD-22293B93138E}.Debug|Any CPU.ActiveCfg = Debug|Any CPU
		{9B171C2B-EF35-4B46-ABDD-22293B93138E}.Debug|Any CPU.Build.0 = Debug|Any CPU
		{9B171C2B-EF35-4B46-ABDD-22293B93138E}.Release|Any CPU.ActiveCfg = Release|Any CPU
		{9B171C2B-EF35-4B46-ABDD-22293B93138E}.Release|Any CPU.Build.0 = Release|Any CPU
	EndGlobalSection
	GlobalSection(SolutionProperties) = preSolution
		HideSolutionNode = FALSE
	EndGlobalSection
	GlobalSection(ExtensibilityGlobals) = postSolution
		SolutionGuid = {49EB5507-D3B6-4150-B975-5248BF2B5FBB}
	EndGlobalSection
EndGlobal
